// !$*UTF8*$!
{
	archiveVersion = 1;
	classes = {
	};
	objectVersion = 46;
	objects = {

/* Begin PBXBuildFile section */
		96FE28921E5AE29F00317099 /* main.m in Sources */ = {isa = PBXBuildFile; fileRef = 96FE28911E5AE29F00317099 /* main.m */; };
		96FE28951E5AE29F00317099 /* AppDelegate.m in Sources */ = {isa = PBXBuildFile; fileRef = 96FE28941E5AE29F00317099 /* AppDelegate.m */; };
		96FE28981E5AE29F00317099 /* ViewController.m in Sources */ = {isa = PBXBuildFile; fileRef = 96FE28971E5AE29F00317099 /* ViewController.m */; };
		96FE289B1E5AE29F00317099 /* Main.storyboard in Resources */ = {isa = PBXBuildFile; fileRef = 96FE28991E5AE29F00317099 /* Main.storyboard */; };
		96FE289D1E5AE29F00317099 /* Assets.xcassets in Resources */ = {isa = PBXBuildFile; fileRef = 96FE289C1E5AE29F00317099 /* Assets.xcassets */; };
		96FE28A01E5AE29F00317099 /* LaunchScreen.storyboard in Resources */ = {isa = PBXBuildFile; fileRef = 96FE289E1E5AE29F00317099 /* LaunchScreen.storyboard */; };
		96FE28AB1E5AE29F00317099 /* messengerTests.m in Sources */ = {isa = PBXBuildFile; fileRef = 96FE28AA1E5AE29F00317099 /* messengerTests.m */; };
		96FE28B61E5AE29F00317099 /* messengerUITests.m in Sources */ = {isa = PBXBuildFile; fileRef = 96FE28B51E5AE29F00317099 /* messengerUITests.m */; };
/* End PBXBuildFile section */

/* Begin PBXContainerItemProxy section */
		96FE28A71E5AE29F00317099 /* PBXContainerItemProxy */ = {
			isa = PBXContainerItemProxy;
			containerPortal = 96FE28851E5AE29F00317099 /* Project object */;
			proxyType = 1;
			remoteGlobalIDString = 96FE288C1E5AE29F00317099;
			remoteInfo = messenger;
		};
		96FE28B21E5AE29F00317099 /* PBXContainerItemProxy */ = {
			isa = PBXContainerItemProxy;
			containerPortal = 96FE28851E5AE29F00317099 /* Project object */;
			proxyType = 1;
			remoteGlobalIDString = 96FE288C1E5AE29F00317099;
			remoteInfo = messenger;
		};
/* End PBXContainerItemProxy section */

/* Begin PBXFileReference section */
		96FE288D1E5AE29F00317099 /* messenger.app */ = {isa = PBXFileReference; explicitFileType = wrapper.application; includeInIndex = 0; path = messenger.app; sourceTree = BUILT_PRODUCTS_DIR; };
		96FE28911E5AE29F00317099 /* main.m */ = {isa = PBXFileReference; lastKnownFileType = sourcecode.c.objc; path = main.m; sourceTree = "<group>"; };
		96FE28931E5AE29F00317099 /* AppDelegate.h */ = {isa = PBXFileReference; lastKnownFileType = sourcecode.c.h; path = AppDelegate.h; sourceTree = "<group>"; };
		96FE28941E5AE29F00317099 /* AppDelegate.m */ = {isa = PBXFileReference; lastKnownFileType = sourcecode.c.objc; path = AppDelegate.m; sourceTree = "<group>"; };
		96FE28961E5AE29F00317099 /* ViewController.h */ = {isa = PBXFileReference; lastKnownFileType = sourcecode.c.h; path = ViewController.h; sourceTree = "<group>"; };
		96FE28971E5AE29F00317099 /* ViewController.m */ = {isa = PBXFileReference; lastKnownFileType = sourcecode.c.objc; path = ViewController.m; sourceTree = "<group>"; };
		96FE289A1E5AE29F00317099 /* Base */ = {isa = PBXFileReference; lastKnownFileType = file.storyboard; name = Base; path = Base.lproj/Main.storyboard; sourceTree = "<group>"; };
		96FE289C1E5AE29F00317099 /* Assets.xcassets */ = {isa = PBXFileReference; lastKnownFileType = folder.assetcatalog; path = Assets.xcassets; sourceTree = "<group>"; };
		96FE289F1E5AE29F00317099 /* Base */ = {isa = PBXFileReference; lastKnownFileType = file.storyboard; name = Base; path = Base.lproj/LaunchScreen.storyboard; sourceTree = "<group>"; };
		96FE28A11E5AE29F00317099 /* Info.plist */ = {isa = PBXFileReference; lastKnownFileType = text.plist.xml; path = Info.plist; sourceTree = "<group>"; };
		96FE28A61E5AE29F00317099 /* messengerTests.xctest */ = {isa = PBXFileReference; explicitFileType = wrapper.cfbundle; includeInIndex = 0; path = messengerTests.xctest; sourceTree = BUILT_PRODUCTS_DIR; };
		96FE28AA1E5AE29F00317099 /* messengerTests.m */ = {isa = PBXFileReference; lastKnownFileType = sourcecode.c.objc; path = messengerTests.m; sourceTree = "<group>"; };
		96FE28AC1E5AE29F00317099 /* Info.plist */ = {isa = PBXFileReference; lastKnownFileType = text.plist.xml; path = Info.plist; sourceTree = "<group>"; };
		96FE28B11E5AE29F00317099 /* messengerUITests.xctest */ = {isa = PBXFileReference; explicitFileType = wrapper.cfbundle; includeInIndex = 0; path = messengerUITests.xctest; sourceTree = BUILT_PRODUCTS_DIR; };
		96FE28B51E5AE29F00317099 /* messengerUITests.m */ = {isa = PBXFileReference; lastKnownFileType = sourcecode.c.objc; path = messengerUITests.m; sourceTree = "<group>"; };
		96FE28B71E5AE29F00317099 /* Info.plist */ = {isa = PBXFileReference; lastKnownFileType = text.plist.xml; path = Info.plist; sourceTree = "<group>"; };
/* End PBXFileReference section */

/* Begin PBXFrameworksBuildPhase section */
		96FE288A1E5AE29F00317099 /* Frameworks */ = {
			isa = PBXFrameworksBuildPhase;
			buildActionMask = 2147483647;
			files = (
			);
			runOnlyForDeploymentPostprocessing = 0;
		};
		96FE28A31E5AE29F00317099 /* Frameworks */ = {
			isa = PBXFrameworksBuildPhase;
			buildActionMask = 2147483647;
			files = (
			);
			runOnlyForDeploymentPostprocessing = 0;
		};
		96FE28AE1E5AE29F00317099 /* Frameworks */ = {
			isa = PBXFrameworksBuildPhase;
			buildActionMask = 2147483647;
			files = (
			);
			runOnlyForDeploymentPostprocessing = 0;
		};
/* End PBXFrameworksBuildPhase section */

/* Begin PBXGroup section */
		96FE28841E5AE29F00317099 = {
			isa = PBXGroup;
			children = (
				96FE288F1E5AE29F00317099 /* messenger */,
				96FE28A91E5AE29F00317099 /* messengerTests */,
				96FE28B41E5AE29F00317099 /* messengerUITests */,
				96FE288E1E5AE29F00317099 /* Products */,
			);
			sourceTree = "<group>";
		};
		96FE288E1E5AE29F00317099 /* Products */ = {
			isa = PBXGroup;
			children = (
				96FE288D1E5AE29F00317099 /* messenger.app */,
				96FE28A61E5AE29F00317099 /* messengerTests.xctest */,
				96FE28B11E5AE29F00317099 /* messengerUITests.xctest */,
			);
			name = Products;
			sourceTree = "<group>";
		};
		96FE288F1E5AE29F00317099 /* messenger */ = {
			isa = PBXGroup;
			children = (
				96FE28931E5AE29F00317099 /* AppDelegate.h */,
				96FE28941E5AE29F00317099 /* AppDelegate.m */,
				96FE28961E5AE29F00317099 /* ViewController.h */,
				96FE28971E5AE29F00317099 /* ViewController.m */,
				96FE28991E5AE29F00317099 /* Main.storyboard */,
				96FE289C1E5AE29F00317099 /* Assets.xcassets */,
				96FE289E1E5AE29F00317099 /* LaunchScreen.storyboard */,
				96FE28A11E5AE29F00317099 /* Info.plist */,
				96FE28901E5AE29F00317099 /* Supporting Files */,
			);
			path = messenger;
			sourceTree = "<group>";
		};
		96FE28901E5AE29F00317099 /* Supporting Files */ = {
			isa = PBXGroup;
			children = (
				96FE28911E5AE29F00317099 /* main.m */,
			);
			name = "Supporting Files";
			sourceTree = "<group>";
		};
		96FE28A91E5AE29F00317099 /* messengerTests */ = {
			isa = PBXGroup;
			children = (
				96FE28AA1E5AE29F00317099 /* messengerTests.m */,
				96FE28AC1E5AE29F00317099 /* Info.plist */,
			);
			path = messengerTests;
			sourceTree = "<group>";
		};
		96FE28B41E5AE29F00317099 /* messengerUITests */ = {
			isa = PBXGroup;
			children = (
				96FE28B51E5AE29F00317099 /* messengerUITests.m */,
				96FE28B71E5AE29F00317099 /* Info.plist */,
			);
			path = messengerUITests;
			sourceTree = "<group>";
		};
/* End PBXGroup section */

/* Begin PBXNativeTarget section */
		96FE288C1E5AE29F00317099 /* messenger */ = {
			isa = PBXNativeTarget;
			buildConfigurationList = 96FE28BA1E5AE29F00317099 /* Build configuration list for PBXNativeTarget "messenger" */;
			buildPhases = (
				96FE28891E5AE29F00317099 /* Sources */,
				96FE288A1E5AE29F00317099 /* Frameworks */,
				96FE288B1E5AE29F00317099 /* Resources */,
			);
			buildRules = (
			);
			dependencies = (
			);
			name = messenger;
			productName = messenger;
			productReference = 96FE288D1E5AE29F00317099 /* messenger.app */;
			productType = "com.apple.product-type.application";
		};
		96FE28A51E5AE29F00317099 /* messengerTests */ = {
			isa = PBXNativeTarget;
			buildConfigurationList = 96FE28BD1E5AE29F00317099 /* Build configuration list for PBXNativeTarget "messengerTests" */;
			buildPhases = (
				96FE28A21E5AE29F00317099 /* Sources */,
				96FE28A31E5AE29F00317099 /* Frameworks */,
				96FE28A41E5AE29F00317099 /* Resources */,
			);
			buildRules = (
			);
			dependencies = (
				96FE28A81E5AE29F00317099 /* PBXTargetDependency */,
			);
			name = messengerTests;
			productName = messengerTests;
			productReference = 96FE28A61E5AE29F00317099 /* messengerTests.xctest */;
			productType = "com.apple.product-type.bundle.unit-test";
		};
		96FE28B01E5AE29F00317099 /* messengerUITests */ = {
			isa = PBXNativeTarget;
			buildConfigurationList = 96FE28C01E5AE29F00317099 /* Build configuration list for PBXNativeTarget "messengerUITests" */;
			buildPhases = (
				96FE28AD1E5AE29F00317099 /* Sources */,
				96FE28AE1E5AE29F00317099 /* Frameworks */,
				96FE28AF1E5AE29F00317099 /* Resources */,
			);
			buildRules = (
			);
			dependencies = (
				96FE28B31E5AE29F00317099 /* PBXTargetDependency */,
			);
			name = messengerUITests;
			productName = messengerUITests;
			productReference = 96FE28B11E5AE29F00317099 /* messengerUITests.xctest */;
			productType = "com.apple.product-type.bundle.ui-testing";
		};
/* End PBXNativeTarget section */

/* Begin PBXProject section */
		96FE28851E5AE29F00317099 /* Project object */ = {
			isa = PBXProject;
			attributes = {
				LastUpgradeCheck = 0820;
				ORGANIZATIONNAME = Codecamp;
				TargetAttributes = {
					96FE288C1E5AE29F00317099 = {
						CreatedOnToolsVersion = 8.2.1;
						ProvisioningStyle = Automatic;
					};
					96FE28A51E5AE29F00317099 = {
						CreatedOnToolsVersion = 8.2.1;
						ProvisioningStyle = Automatic;
						TestTargetID = 96FE288C1E5AE29F00317099;
					};
					96FE28B01E5AE29F00317099 = {
						CreatedOnToolsVersion = 8.2.1;
						ProvisioningStyle = Automatic;
						TestTargetID = 96FE288C1E5AE29F00317099;
					};
				};
			};
			buildConfigurationList = 96FE28881E5AE29F00317099 /* Build configuration list for PBXProject "messenger" */;
			compatibilityVersion = "Xcode 3.2";
			developmentRegion = English;
			hasScannedForEncodings = 0;
			knownRegions = (
				en,
				Base,
			);
			mainGroup = 96FE28841E5AE29F00317099;
			productRefGroup = 96FE288E1E5AE29F00317099 /* Products */;
			projectDirPath = "";
			projectRoot = "";
			targets = (
				96FE288C1E5AE29F00317099 /* messenger */,
				96FE28A51E5AE29F00317099 /* messengerTests */,
				96FE28B01E5AE29F00317099 /* messengerUITests */,
			);
		};
/* End PBXProject section */

/* Begin PBXResourcesBuildPhase section */
		96FE288B1E5AE29F00317099 /* Resources */ = {
			isa = PBXResourcesBuildPhase;
			buildActionMask = 2147483647;
			files = (
				96FE28A01E5AE29F00317099 /* LaunchScreen.storyboard in Resources */,
				96FE289D1E5AE29F00317099 /* Assets.xcassets in Resources */,
				96FE289B1E5AE29F00317099 /* Main.storyboard in Resources */,
			);
			runOnlyForDeploymentPostprocessing = 0;
		};
		96FE28A41E5AE29F00317099 /* Resources */ = {
			isa = PBXResourcesBuildPhase;
			buildActionMask = 2147483647;
			files = (
			);
			runOnlyForDeploymentPostprocessing = 0;
		};
		96FE28AF1E5AE29F00317099 /* Resources */ = {
			isa = PBXResourcesBuildPhase;
			buildActionMask = 2147483647;
			files = (
			);
			runOnlyForDeploymentPostprocessing = 0;
		};
/* End PBXResourcesBuildPhase section */

/* Begin PBXSourcesBuildPhase section */
		96FE28891E5AE29F00317099 /* Sources */ = {
			isa = PBXSourcesBuildPhase;
			buildActionMask = 2147483647;
			files = (
				96FE28981E5AE29F00317099 /* ViewController.m in Sources */,
				96FE28951E5AE29F00317099 /* AppDelegate.m in Sources */,
				96FE28921E5AE29F00317099 /* main.m in Sources */,
			);
			runOnlyForDeploymentPostprocessing = 0;
		};
		96FE28A21E5AE29F00317099 /* Sources */ = {
			isa = PBXSourcesBuildPhase;
			buildActionMask = 2147483647;
			files = (
				96FE28AB1E5AE29F00317099 /* messengerTests.m in Sources */,
			);
			runOnlyForDeploymentPostprocessing = 0;
		};
		96FE28AD1E5AE29F00317099 /* Sources */ = {
			isa = PBXSourcesBuildPhase;
			buildActionMask = 2147483647;
			files = (
				96FE28B61E5AE29F00317099 /* messengerUITests.m in Sources */,
			);
			runOnlyForDeploymentPostprocessing = 0;
		};
/* End PBXSourcesBuildPhase section */

/* Begin PBXTargetDependency section */
		96FE28A81E5AE29F00317099 /* PBXTargetDependency */ = {
			isa = PBXTargetDependency;
			target = 96FE288C1E5AE29F00317099 /* messenger */;
			targetProxy = 96FE28A71E5AE29F00317099 /* PBXContainerItemProxy */;
		};
		96FE28B31E5AE29F00317099 /* PBXTargetDependency */ = {
			isa = PBXTargetDependency;
			target = 96FE288C1E5AE29F00317099 /* messenger */;
			targetProxy = 96FE28B21E5AE29F00317099 /* PBXContainerItemProxy */;
		};
/* End PBXTargetDependency section */

/* Begin PBXVariantGroup section */
		96FE28991E5AE29F00317099 /* Main.storyboard */ = {
			isa = PBXVariantGroup;
			children = (
				96FE289A1E5AE29F00317099 /* Base */,
			);
			name = Main.storyboard;
			sourceTree = "<group>";
		};
		96FE289E1E5AE29F00317099 /* LaunchScreen.storyboard */ = {
			isa = PBXVariantGroup;
			children = (
				96FE289F1E5AE29F00317099 /* Base */,
			);
			name = LaunchScreen.storyboard;
			sourceTree = "<group>";
		};
/* End PBXVariantGroup section */

/* Begin XCBuildConfiguration section */
		96FE28B81E5AE29F00317099 /* Debug */ = {
			isa = XCBuildConfiguration;
			buildSettings = {
				ALWAYS_SEARCH_USER_PATHS = NO;
				CLANG_ANALYZER_NONNULL = YES;
				CLANG_CXX_LANGUAGE_STANDARD = "gnu++0x";
				CLANG_CXX_LIBRARY = "libc++";
				CLANG_ENABLE_MODULES = YES;
				CLANG_ENABLE_OBJC_ARC = YES;
				CLANG_WARN_BOOL_CONVERSION = YES;
				CLANG_WARN_CONSTANT_CONVERSION = YES;
				CLANG_WARN_DIRECT_OBJC_ISA_USAGE = YES_ERROR;
				CLANG_WARN_DOCUMENTATION_COMMENTS = YES;
				CLANG_WARN_EMPTY_BODY = YES;
				CLANG_WARN_ENUM_CONVERSION = YES;
				CLANG_WARN_INFINITE_RECURSION = YES;
				CLANG_WARN_INT_CONVERSION = YES;
				CLANG_WARN_OBJC_ROOT_CLASS = YES_ERROR;
				CLANG_WARN_SUSPICIOUS_MOVE = YES;
				CLANG_WARN_UNREACHABLE_CODE = YES;
				CLANG_WARN__DUPLICATE_METHOD_MATCH = YES;
				"CODE_SIGN_IDENTITY[sdk=iphoneos*]" = "iPhone Developer";
				COPY_PHASE_STRIP = NO;
				DEBUG_INFORMATION_FORMAT = dwarf;
				ENABLE_STRICT_OBJC_MSGSEND = YES;
				ENABLE_TESTABILITY = YES;
				GCC_C_LANGUAGE_STANDARD = gnu99;
				GCC_DYNAMIC_NO_PIC = NO;
				GCC_NO_COMMON_BLOCKS = YES;
				GCC_OPTIMIZATION_LEVEL = 0;
				GCC_PREPROCESSOR_DEFINITIONS = (
					"DEBUG=1",
					"$(inherited)",
				);
				GCC_WARN_64_TO_32_BIT_CONVERSION = YES;
				GCC_WARN_ABOUT_RETURN_TYPE = YES_ERROR;
				GCC_WARN_UNDECLARED_SELECTOR = YES;
				GCC_WARN_UNINITIALIZED_AUTOS = YES_AGGRESSIVE;
				GCC_WARN_UNUSED_FUNCTION = YES;
				GCC_WARN_UNUSED_VARIABLE = YES;
				IPHONEOS_DEPLOYMENT_TARGET = 10.2;
				MTL_ENABLE_DEBUG_INFO = YES;
				ONLY_ACTIVE_ARCH = YES;
				SDKROOT = iphoneos;
				TARGETED_DEVICE_FAMILY = "1,2";
			};
			name = Debug;
		};
		96FE28B91E5AE29F00317099 /* Release */ = {
			isa = XCBuildConfiguration;
			buildSettings = {
				ALWAYS_SEARCH_USER_PATHS = NO;
				CLANG_ANALYZER_NONNULL = YES;
				CLANG_CXX_LANGUAGE_STANDARD = "gnu++0x";
				CLANG_CXX_LIBRARY = "libc++";
				CLANG_ENABLE_MODULES = YES;
				CLANG_ENABLE_OBJC_ARC = YES;
				CLANG_WARN_BOOL_CONVERSION = YES;
				CLANG_WARN_CONSTANT_CONVERSION = YES;
				CLANG_WARN_DIRECT_OBJC_ISA_USAGE = YES_ERROR;
				CLANG_WARN_DOCUMENTATION_COMMENTS = YES;
				CLANG_WARN_EMPTY_BODY = YES;
				CLANG_WARN_ENUM_CONVERSION = YES;
				CLANG_WARN_INFINITE_RECURSION = YES;
				CLANG_WARN_INT_CONVERSION = YES;
				CLANG_WARN_OBJC_ROOT_CLASS = YES_ERROR;
				CLANG_WARN_SUSPICIOUS_MOVE = YES;
				CLANG_WARN_UNREACHABLE_CODE = YES;
				CLANG_WARN__DUPLICATE_METHOD_MATCH = YES;
				"CODE_SIGN_IDENTITY[sdk=iphoneos*]" = "iPhone Developer";
				COPY_PHASE_STRIP = NO;
				DEBUG_INFORMATION_FORMAT = "dwarf-with-dsym";
				ENABLE_NS_ASSERTIONS = NO;
				ENABLE_STRICT_OBJC_MSGSEND = YES;
				GCC_C_LANGUAGE_STANDARD = gnu99;
				GCC_NO_COMMON_BLOCKS = YES;
				GCC_WARN_64_TO_32_BIT_CONVERSION = YES;
				GCC_WARN_ABOUT_RETURN_TYPE = YES_ERROR;
				GCC_WARN_UNDECLARED_SELECTOR = YES;
				GCC_WARN_UNINITIALIZED_AUTOS = YES_AGGRESSIVE;
				GCC_WARN_UNUSED_FUNCTION = YES;
				GCC_WARN_UNUSED_VARIABLE = YES;
				IPHONEOS_DEPLOYMENT_TARGET = 10.2;
				MTL_ENABLE_DEBUG_INFO = NO;
				SDKROOT = iphoneos;
				TARGETED_DEVICE_FAMILY = "1,2";
				VALIDATE_PRODUCT = YES;
			};
			name = Release;
		};
		96FE28BB1E5AE29F00317099 /* Debug */ = {
			isa = XCBuildConfiguration;
			buildSettings = {
				ASSETCATALOG_COMPILER_APPICON_NAME = AppIcon;
				INFOPLIST_FILE = messenger/Info.plist;
				LD_RUNPATH_SEARCH_PATHS = "$(inherited) @executable_path/Frameworks";
				PRODUCT_BUNDLE_IDENTIFIER = "de.uni-kassel.eecs.comtec.messenger";
				PRODUCT_NAME = "$(TARGET_NAME)";
			};
			name = Debug;
		};
		96FE28BC1E5AE29F00317099 /* Release */ = {
			isa = XCBuildConfiguration;
			buildSettings = {
				ASSETCATALOG_COMPILER_APPICON_NAME = AppIcon;
				INFOPLIST_FILE = messenger/Info.plist;
				LD_RUNPATH_SEARCH_PATHS = "$(inherited) @executable_path/Frameworks";
				PRODUCT_BUNDLE_IDENTIFIER = "de.uni-kassel.eecs.comtec.messenger";
				PRODUCT_NAME = "$(TARGET_NAME)";
			};
			name = Release;
		};
		96FE28BE1E5AE29F00317099 /* Debug */ = {
			isa = XCBuildConfiguration;
			buildSettings = {
				BUNDLE_LOADER = "$(TEST_HOST)";
				INFOPLIST_FILE = messengerTests/Info.plist;
				LD_RUNPATH_SEARCH_PATHS = "$(inherited) @executable_path/Frameworks @loader_path/Frameworks";
				PRODUCT_BUNDLE_IDENTIFIER = "de.uni-kassel.eecs.comtec.messengerTests";
				PRODUCT_NAME = "$(TARGET_NAME)";
				TEST_HOST = "$(BUILT_PRODUCTS_DIR)/messenger.app/messenger";
			};
			name = Debug;
		};
		96FE28BF1E5AE29F00317099 /* Release */ = {
			isa = XCBuildConfiguration;
			buildSettings = {
				BUNDLE_LOADER = "$(TEST_HOST)";
				INFOPLIST_FILE = messengerTests/Info.plist;
				LD_RUNPATH_SEARCH_PATHS = "$(inherited) @executable_path/Frameworks @loader_path/Frameworks";
				PRODUCT_BUNDLE_IDENTIFIER = "de.uni-kassel.eecs.comtec.messengerTests";
				PRODUCT_NAME = "$(TARGET_NAME)";
				TEST_HOST = "$(BUILT_PRODUCTS_DIR)/messenger.app/messenger";
			};
			name = Release;
		};
		96FE28C11E5AE29F00317099 /* Debug */ = {
			isa = XCBuildConfiguration;
			buildSettings = {
				INFOPLIST_FILE = messengerUITests/Info.plist;
				LD_RUNPATH_SEARCH_PATHS = "$(inherited) @executable_path/Frameworks @loader_path/Frameworks";
				PRODUCT_BUNDLE_IDENTIFIER = "de.uni-kassel.eecs.comtec.messengerUITests";
				PRODUCT_NAME = "$(TARGET_NAME)";
				TEST_TARGET_NAME = messenger;
			};
			name = Debug;
		};
		96FE28C21E5AE29F00317099 /* Release */ = {
			isa = XCBuildConfiguration;
			buildSettings = {
				INFOPLIST_FILE = messengerUITests/Info.plist;
				LD_RUNPATH_SEARCH_PATHS = "$(inherited) @executable_path/Frameworks @loader_path/Frameworks";
				PRODUCT_BUNDLE_IDENTIFIER = "de.uni-kassel.eecs.comtec.messengerUITests";
				PRODUCT_NAME = "$(TARGET_NAME)";
				TEST_TARGET_NAME = messenger;
			};
			name = Release;
		};
/* End XCBuildConfiguration section */

/* Begin XCConfigurationList section */
		96FE28881E5AE29F00317099 /* Build configuration list for PBXProject "messenger" */ = {
			isa = XCConfigurationList;
			buildConfigurations = (
				96FE28B81E5AE29F00317099 /* Debug */,
				96FE28B91E5AE29F00317099 /* Release */,
			);
			defaultConfigurationIsVisible = 0;
			defaultConfigurationName = Release;
		};
		96FE28BA1E5AE29F00317099 /* Build configuration list for PBXNativeTarget "messenger" */ = {
			isa = XCConfigurationList;
			buildConfigurations = (
				96FE28BB1E5AE29F00317099 /* Debug */,
				96FE28BC1E5AE29F00317099 /* Release */,
			);
			defaultConfigurationIsVisible = 0;
		};
		96FE28BD1E5AE29F00317099 /* Build configuration list for PBXNativeTarget "messengerTests" */ = {
			isa = XCConfigurationList;
			buildConfigurations = (
				96FE28BE1E5AE29F00317099 /* Debug */,
				96FE28BF1E5AE29F00317099 /* Release */,
			);
			defaultConfigurationIsVisible = 0;
		};
		96FE28C01E5AE29F00317099 /* Build configuration list for PBXNativeTarget "messengerUITests" */ = {
			isa = XCConfigurationList;
			buildConfigurations = (
				96FE28C11E5AE29F00317099 /* Debug */,
				96FE28C21E5AE29F00317099 /* Release */,
			);
			defaultConfigurationIsVisible = 0;
		};
/* End XCConfigurationList section */
	};
	rootObject = 96FE28851E5AE29F00317099 /* Project object */;
}
