// !$*UTF8*$!
{
	archiveVersion = 1;
	classes = {
	};
	objectVersion = 46;
	objects = {

/* Begin PBXBuildFile section */
		107960851C6130EF003DB6CC /* main.m in Sources */ = {isa = PBXBuildFile; fileRef = 107960841C6130EF003DB6CC /* main.m */; };
		107960881C6130EF003DB6CC /* AppDelegate.m in Sources */ = {isa = PBXBuildFile; fileRef = 107960871C6130EF003DB6CC /* AppDelegate.m */; };
		1079608B1C6130EF003DB6CC /* ChatViewController.m in Sources */ = {isa = PBXBuildFile; fileRef = 1079608A1C6130EF003DB6CC /* ChatViewController.m */; };
		107960A91C6131B6003DB6CC /* Test.storyboard in Resources */ = {isa = PBXBuildFile; fileRef = 107960A81C6131B6003DB6CC /* Test.storyboard */; };
		107960B11C61321D003DB6CC /* Constants.m in Sources */ = {isa = PBXBuildFile; fileRef = 107960B01C61321D003DB6CC /* Constants.m */; };
		107960B61C613263003DB6CC /* SignInViewController.m in Sources */ = {isa = PBXBuildFile; fileRef = 107960B51C613263003DB6CC /* SignInViewController.m */; };
		10AF4CD11DD238C00096D192 /* logo1024.png in Resources */ = {isa = PBXBuildFile; fileRef = 10AF4CCD1DD238C00096D192 /* logo1024.png */; };
		10AF4CD21DD238C00096D192 /* Bladefile in Resources */ = {isa = PBXBuildFile; fileRef = 10AF4CCE1DD238C00096D192 /* Bladefile */; };
		10AF4CD31DD238C00096D192 /* Images.xcassets in Resources */ = {isa = PBXBuildFile; fileRef = 10AF4CCF1DD238C00096D192 /* Images.xcassets */; };
		10AF4CD41DD238C00096D192 /* LaunchScreen.xib in Resources */ = {isa = PBXBuildFile; fileRef = 10AF4CD01DD238C00096D192 /* LaunchScreen.xib */; };
		26ACB5D6C6C073FE021D1443 /* libPods-FriendlyChatObjC.a in Frameworks */ = {isa = PBXBuildFile; fileRef = 3AC41C60E0E8F2E76911399C /* libPods-FriendlyChatObjC.a */; };
		96AD21F91E5D852400762FC8 /* black_bubble.png in Resources */ = {isa = PBXBuildFile; fileRef = 96AD21F81E5D852400762FC8 /* black_bubble.png */; };
		96E22D921E5EE7C1000CA3D6 /* shiny.png in Resources */ = {isa = PBXBuildFile; fileRef = 96E22D911E5EE7C1000CA3D6 /* shiny.png */; };
		96E22D9A1E5F326A000CA3D6 /* wallpaper6.jpg in Resources */ = {isa = PBXBuildFile; fileRef = 96E22D991E5F326A000CA3D6 /* wallpaper6.jpg */; };
		96E2AAAE1E5C363E0079E975 /* GoogleService-Info.plist in Resources */ = {isa = PBXBuildFile; fileRef = 96E2AAAD1E5C363E0079E975 /* GoogleService-Info.plist */; };
		96E2AAB11E5C3C210079E975 /* ContactsTableViewController.m in Sources */ = {isa = PBXBuildFile; fileRef = 96E2AAB01E5C3C210079E975 /* ContactsTableViewController.m */; };
		96E2AAB41E5C3DDD0079E975 /* Contact.m in Sources */ = {isa = PBXBuildFile; fileRef = 96E2AAB31E5C3DDD0079E975 /* Contact.m */; };
		96F610771E6036EB007ED0E1 /* CreateGroupTableViewController.m in Sources */ = {isa = PBXBuildFile; fileRef = 96F610761E6036EB007ED0E1 /* CreateGroupTableViewController.m */; };
		96F610791E604265007ED0E1 /* DatabaseSingelton.m in Sources */ = {isa = PBXBuildFile; fileRef = 96F610781E604265007ED0E1 /* DatabaseSingelton.m */; };
		96F6107E1E605849007ED0E1 /* add_picture.png in Resources */ = {isa = PBXBuildFile; fileRef = 96F6107D1E605849007ED0E1 /* add_picture.png */; };
		96FB59AB1E5ED82100489AD0 /* white_final.png in Resources */ = {isa = PBXBuildFile; fileRef = 96FB59AA1E5ED82100489AD0 /* white_final.png */; };
		96FE99EE1E7BD6F7008F9C80 /* ContactTableView.m in Sources */ = {isa = PBXBuildFile; fileRef = 96FE99ED1E7BD6F7008F9C80 /* ContactTableView.m */; };
		96FE99F91E7BF4CD008F9C80 /* group-button.png in Resources */ = {isa = PBXBuildFile; fileRef = 96FE99F71E7BF4CD008F9C80 /* group-button.png */; };
		96FE99FA1E7BF4CD008F9C80 /* member-button.png in Resources */ = {isa = PBXBuildFile; fileRef = 96FE99F81E7BF4CD008F9C80 /* member-button.png */; };
		96FE99FD1E7C12D0008F9C80 /* LoadViewController.m in Sources */ = {isa = PBXBuildFile; fileRef = 96FE99FC1E7C12D0008F9C80 /* LoadViewController.m */; };
		D0187FD51E7EEA20003C42AF /* ContactTableViewCell.m in Sources */ = {isa = PBXBuildFile; fileRef = D0187FD31E7EEA20003C42AF /* ContactTableViewCell.m */; };
		D0187FD61E7EEA20003C42AF /* MessageCellTableViewCell.m in Sources */ = {isa = PBXBuildFile; fileRef = D0187FD41E7EEA20003C42AF /* MessageCellTableViewCell.m */; };
		D0187FD91E7FD98A003C42AF /* AvatarImageView.m in Sources */ = {isa = PBXBuildFile; fileRef = D0187FD81E7FD98A003C42AF /* AvatarImageView.m */; };
/* End PBXBuildFile section */

/* Begin PBXFileReference section */
		107960801C6130EF003DB6CC /* FriendlyChatObjC.app */ = {isa = PBXFileReference; explicitFileType = wrapper.application; includeInIndex = 0; path = FriendlyChatObjC.app; sourceTree = BUILT_PRODUCTS_DIR; };
		107960841C6130EF003DB6CC /* main.m */ = {isa = PBXFileReference; lastKnownFileType = sourcecode.c.objc; path = main.m; sourceTree = "<group>"; };
		107960861C6130EF003DB6CC /* AppDelegate.h */ = {isa = PBXFileReference; lastKnownFileType = sourcecode.c.h; path = AppDelegate.h; sourceTree = "<group>"; };
		107960871C6130EF003DB6CC /* AppDelegate.m */ = {isa = PBXFileReference; lastKnownFileType = sourcecode.c.objc; path = AppDelegate.m; sourceTree = "<group>"; };
		107960891C6130EF003DB6CC /* ChatViewController.h */ = {isa = PBXFileReference; lastKnownFileType = sourcecode.c.h; path = ChatViewController.h; sourceTree = "<group>"; };
		1079608A1C6130EF003DB6CC /* ChatViewController.m */ = {isa = PBXFileReference; lastKnownFileType = sourcecode.c.objc; path = ChatViewController.m; sourceTree = "<group>"; };
		107960A81C6131B6003DB6CC /* Test.storyboard */ = {isa = PBXFileReference; fileEncoding = 4; lastKnownFileType = file.storyboard; path = Test.storyboard; sourceTree = "<group>"; };
		107960AA1C6131E4003DB6CC /* Info.plist */ = {isa = PBXFileReference; fileEncoding = 4; lastKnownFileType = text.plist.xml; path = Info.plist; sourceTree = "<group>"; };
		107960AF1C61321D003DB6CC /* Constants.h */ = {isa = PBXFileReference; fileEncoding = 4; lastKnownFileType = sourcecode.c.h; path = Constants.h; sourceTree = "<group>"; };
		107960B01C61321D003DB6CC /* Constants.m */ = {isa = PBXFileReference; fileEncoding = 4; lastKnownFileType = sourcecode.c.objc; path = Constants.m; sourceTree = "<group>"; };
		107960B41C613263003DB6CC /* SignInViewController.h */ = {isa = PBXFileReference; fileEncoding = 4; lastKnownFileType = sourcecode.c.h; path = SignInViewController.h; sourceTree = "<group>"; };
		107960B51C613263003DB6CC /* SignInViewController.m */ = {isa = PBXFileReference; fileEncoding = 4; lastKnownFileType = sourcecode.c.objc; path = SignInViewController.m; sourceTree = "<group>"; };
		10AF4CCD1DD238C00096D192 /* logo1024.png */ = {isa = PBXFileReference; lastKnownFileType = image.png; path = logo1024.png; sourceTree = "<group>"; };
		10AF4CCE1DD238C00096D192 /* Bladefile */ = {isa = PBXFileReference; fileEncoding = 4; lastKnownFileType = text; path = Bladefile; sourceTree = "<group>"; };
		10AF4CCF1DD238C00096D192 /* Images.xcassets */ = {isa = PBXFileReference; lastKnownFileType = folder.assetcatalog; path = Images.xcassets; sourceTree = "<group>"; };
		10AF4CD01DD238C00096D192 /* LaunchScreen.xib */ = {isa = PBXFileReference; fileEncoding = 4; lastKnownFileType = file.xib; path = LaunchScreen.xib; sourceTree = "<group>"; };
		1F87D3FB8E0CFE0F623FC29E /* Pods-FriendlyChatObjC.release.xcconfig */ = {isa = PBXFileReference; includeInIndex = 1; lastKnownFileType = text.xcconfig; name = "Pods-FriendlyChatObjC.release.xcconfig"; path = "Pods/Target Support Files/Pods-FriendlyChatObjC/Pods-FriendlyChatObjC.release.xcconfig"; sourceTree = "<group>"; };
		3AC41C60E0E8F2E76911399C /* libPods-FriendlyChatObjC.a */ = {isa = PBXFileReference; explicitFileType = archive.ar; includeInIndex = 0; path = "libPods-FriendlyChatObjC.a"; sourceTree = BUILT_PRODUCTS_DIR; };
		962075831E7B20BE007080F8 /* ContactTableViewCell.h */ = {isa = PBXFileReference; fileEncoding = 4; lastKnownFileType = sourcecode.c.h; path = ContactTableViewCell.h; sourceTree = "<group>"; };
		9675F6811E5C9107006AF776 /* MessageCellTableViewCell.h */ = {isa = PBXFileReference; fileEncoding = 4; lastKnownFileType = sourcecode.c.h; path = MessageCellTableViewCell.h; sourceTree = "<group>"; };
		96AD21F81E5D852400762FC8 /* black_bubble.png */ = {isa = PBXFileReference; lastKnownFileType = image.png; path = black_bubble.png; sourceTree = "<group>"; };
		96E22D911E5EE7C1000CA3D6 /* shiny.png */ = {isa = PBXFileReference; lastKnownFileType = image.png; path = shiny.png; sourceTree = "<group>"; };
		96E22D991E5F326A000CA3D6 /* wallpaper6.jpg */ = {isa = PBXFileReference; lastKnownFileType = image.jpeg; path = wallpaper6.jpg; sourceTree = "<group>"; };
		96E2AAAD1E5C363E0079E975 /* GoogleService-Info.plist */ = {isa = PBXFileReference; fileEncoding = 4; lastKnownFileType = text.plist.xml; path = "GoogleService-Info.plist"; sourceTree = "<group>"; };
		96E2AAAF1E5C3C210079E975 /* ContactsTableViewController.h */ = {isa = PBXFileReference; fileEncoding = 4; lastKnownFileType = sourcecode.c.h; path = ContactsTableViewController.h; sourceTree = "<group>"; };
		96E2AAB01E5C3C210079E975 /* ContactsTableViewController.m */ = {isa = PBXFileReference; fileEncoding = 4; lastKnownFileType = sourcecode.c.objc; path = ContactsTableViewController.m; sourceTree = "<group>"; };
		96E2AAB21E5C3DDD0079E975 /* Contact.h */ = {isa = PBXFileReference; fileEncoding = 4; lastKnownFileType = sourcecode.c.h; path = Contact.h; sourceTree = "<group>"; };
		96E2AAB31E5C3DDD0079E975 /* Contact.m */ = {isa = PBXFileReference; fileEncoding = 4; lastKnownFileType = sourcecode.c.objc; path = Contact.m; sourceTree = "<group>"; };
		96F610751E6036C9007ED0E1 /* CreateGroupTableViewController.h */ = {isa = PBXFileReference; lastKnownFileType = sourcecode.c.h; path = CreateGroupTableViewController.h; sourceTree = "<group>"; };
		96F610761E6036EB007ED0E1 /* CreateGroupTableViewController.m */ = {isa = PBXFileReference; fileEncoding = 4; lastKnownFileType = sourcecode.c.objc; path = CreateGroupTableViewController.m; sourceTree = "<group>"; };
		96F610781E604265007ED0E1 /* DatabaseSingelton.m */ = {isa = PBXFileReference; fileEncoding = 4; lastKnownFileType = sourcecode.c.objc; path = DatabaseSingelton.m; sourceTree = "<group>"; };
		96F6107A1E60427B007ED0E1 /* DatabaseSingelton.h */ = {isa = PBXFileReference; lastKnownFileType = sourcecode.c.h; path = DatabaseSingelton.h; sourceTree = "<group>"; };
		96F6107D1E605849007ED0E1 /* add_picture.png */ = {isa = PBXFileReference; lastKnownFileType = image.png; path = add_picture.png; sourceTree = "<group>"; };
		96FB59AA1E5ED82100489AD0 /* white_final.png */ = {isa = PBXFileReference; lastKnownFileType = image.png; path = white_final.png; sourceTree = "<group>"; };
		96FE99EC1E7BD6F7008F9C80 /* ContactTableView.h */ = {isa = PBXFileReference; fileEncoding = 4; lastKnownFileType = sourcecode.c.h; path = ContactTableView.h; sourceTree = "<group>"; };
		96FE99ED1E7BD6F7008F9C80 /* ContactTableView.m */ = {isa = PBXFileReference; fileEncoding = 4; lastKnownFileType = sourcecode.c.objc; path = ContactTableView.m; sourceTree = "<group>"; };
		96FE99F71E7BF4CD008F9C80 /* group-button.png */ = {isa = PBXFileReference; lastKnownFileType = image.png; path = "group-button.png"; sourceTree = "<group>"; };
		96FE99F81E7BF4CD008F9C80 /* member-button.png */ = {isa = PBXFileReference; lastKnownFileType = image.png; path = "member-button.png"; sourceTree = "<group>"; };
		96FE99FB1E7C12D0008F9C80 /* LoadViewController.h */ = {isa = PBXFileReference; fileEncoding = 4; lastKnownFileType = sourcecode.c.h; path = LoadViewController.h; sourceTree = "<group>"; };
		96FE99FC1E7C12D0008F9C80 /* LoadViewController.m */ = {isa = PBXFileReference; fileEncoding = 4; lastKnownFileType = sourcecode.c.objc; path = LoadViewController.m; sourceTree = "<group>"; };
		9ED8D1017B9927C5A7CCA356 /* Pods-FriendlyChatObjC.debug.xcconfig */ = {isa = PBXFileReference; includeInIndex = 1; lastKnownFileType = text.xcconfig; name = "Pods-FriendlyChatObjC.debug.xcconfig"; path = "Pods/Target Support Files/Pods-FriendlyChatObjC/Pods-FriendlyChatObjC.debug.xcconfig"; sourceTree = "<group>"; };
		D0187FD31E7EEA20003C42AF /* ContactTableViewCell.m */ = {isa = PBXFileReference; fileEncoding = 4; lastKnownFileType = sourcecode.c.objc; path = ContactTableViewCell.m; sourceTree = "<group>"; };
		D0187FD41E7EEA20003C42AF /* MessageCellTableViewCell.m */ = {isa = PBXFileReference; fileEncoding = 4; lastKnownFileType = sourcecode.c.objc; path = MessageCellTableViewCell.m; sourceTree = "<group>"; };
		D0187FD71E7FD98A003C42AF /* AvatarImageView.h */ = {isa = PBXFileReference; fileEncoding = 4; lastKnownFileType = sourcecode.c.h; path = AvatarImageView.h; sourceTree = "<group>"; };
		D0187FD81E7FD98A003C42AF /* AvatarImageView.m */ = {isa = PBXFileReference; fileEncoding = 4; lastKnownFileType = sourcecode.c.objc; path = AvatarImageView.m; sourceTree = "<group>"; };
/* End PBXFileReference section */

/* Begin PBXFrameworksBuildPhase section */
		1079607D1C6130EF003DB6CC /* Frameworks */ = {
			isa = PBXFrameworksBuildPhase;
			buildActionMask = 2147483647;
			files = (
				26ACB5D6C6C073FE021D1443 /* libPods-FriendlyChatObjC.a in Frameworks */,
			);
			runOnlyForDeploymentPostprocessing = 0;
		};
/* End PBXFrameworksBuildPhase section */

/* Begin PBXGroup section */
		107960771C6130EF003DB6CC = {
			isa = PBXGroup;
			children = (
				96E2AAAD1E5C363E0079E975 /* GoogleService-Info.plist */,
				10AF4CCB1DD238C00096D192 /* shared */,
				107960821C6130EF003DB6CC /* sources */,
				107960811C6130EF003DB6CC /* Products */,
				21CAEF7F49AE69B0C285F029 /* Pods */,
				DA5615CDA2CA4AA29359B517 /* Frameworks */,
			);
			sourceTree = "<group>";
		};
		107960811C6130EF003DB6CC /* Products */ = {
			isa = PBXGroup;
			children = (
				107960801C6130EF003DB6CC /* FriendlyChatObjC.app */,
			);
			name = Products;
			sourceTree = "<group>";
		};
		107960821C6130EF003DB6CC /* sources */ = {
			isa = PBXGroup;
			children = (
				107960861C6130EF003DB6CC /* AppDelegate.h */,
				107960871C6130EF003DB6CC /* AppDelegate.m */,
				D0D09C5C1E8013BE001E1F30 /* Database */,
				107960831C6130EF003DB6CC /* Supporting Files */,
				D0187FDA1E7FDFB1003C42AF /* View Controllers */,
				D0D09C591E801356001E1F30 /* Views */,
			);
			name = sources;
			path = FriendlyChatObjC;
			sourceTree = "<group>";
		};
		107960831C6130EF003DB6CC /* Supporting Files */ = {
			isa = PBXGroup;
			children = (
				107960AA1C6131E4003DB6CC /* Info.plist */,
				107960841C6130EF003DB6CC /* main.m */,
				107960A81C6131B6003DB6CC /* Test.storyboard */,
			);
			name = "Supporting Files";
			sourceTree = "<group>";
		};
		10AF4CCB1DD238C00096D192 /* shared */ = {
			isa = PBXGroup;
			children = (
				10AF4CCC1DD238C00096D192 /* assets */,
				10AF4CCE1DD238C00096D192 /* Bladefile */,
				10AF4CCF1DD238C00096D192 /* Images.xcassets */,
				10AF4CD01DD238C00096D192 /* LaunchScreen.xib */,
			);
			path = shared;
			sourceTree = "<group>";
		};
		10AF4CCC1DD238C00096D192 /* assets */ = {
			isa = PBXGroup;
			children = (
				96FE99F71E7BF4CD008F9C80 /* group-button.png */,
				96FE99F81E7BF4CD008F9C80 /* member-button.png */,
				96F6107D1E605849007ED0E1 /* add_picture.png */,
				96E22D991E5F326A000CA3D6 /* wallpaper6.jpg */,
				96E22D911E5EE7C1000CA3D6 /* shiny.png */,
				96FB59AA1E5ED82100489AD0 /* white_final.png */,
				96AD21F81E5D852400762FC8 /* black_bubble.png */,
				10AF4CCD1DD238C00096D192 /* logo1024.png */,
			);
			path = assets;
			sourceTree = "<group>";
		};
		21CAEF7F49AE69B0C285F029 /* Pods */ = {
			isa = PBXGroup;
			children = (
				9ED8D1017B9927C5A7CCA356 /* Pods-FriendlyChatObjC.debug.xcconfig */,
				1F87D3FB8E0CFE0F623FC29E /* Pods-FriendlyChatObjC.release.xcconfig */,
			);
			name = Pods;
			sourceTree = "<group>";
		};
		D0187FDA1E7FDFB1003C42AF /* View Controllers */ = {
			isa = PBXGroup;
			children = (
				107960891C6130EF003DB6CC /* ChatViewController.h */,
				1079608A1C6130EF003DB6CC /* ChatViewController.m */,
				96E2AAAF1E5C3C210079E975 /* ContactsTableViewController.h */,
				96E2AAB01E5C3C210079E975 /* ContactsTableViewController.m */,
				96F610751E6036C9007ED0E1 /* CreateGroupTableViewController.h */,
				96F610761E6036EB007ED0E1 /* CreateGroupTableViewController.m */,
				96FE99FB1E7C12D0008F9C80 /* LoadViewController.h */,
				96FE99FC1E7C12D0008F9C80 /* LoadViewController.m */,
				107960B41C613263003DB6CC /* SignInViewController.h */,
				107960B51C613263003DB6CC /* SignInViewController.m */,
			);
			name = "View Controllers";
			sourceTree = "<group>";
		};
		D0D09C591E801356001E1F30 /* Views */ = {
			isa = PBXGroup;
			children = (
				D0187FD71E7FD98A003C42AF /* AvatarImageView.h */,
				D0187FD81E7FD98A003C42AF /* AvatarImageView.m */,
				D0D09C5A1E801379001E1F30 /* Table Views */,
			);
			name = Views;
			sourceTree = "<group>";
		};
		D0D09C5A1E801379001E1F30 /* Table Views */ = {
			isa = PBXGroup;
			children = (
				96FE99EC1E7BD6F7008F9C80 /* ContactTableView.h */,
				96FE99ED1E7BD6F7008F9C80 /* ContactTableView.m */,
				D0D09C5B1E80138B001E1F30 /* Table View Cells */,
			);
			name = "Table Views";
			sourceTree = "<group>";
		};
		D0D09C5B1E80138B001E1F30 /* Table View Cells */ = {
			isa = PBXGroup;
			children = (
				962075831E7B20BE007080F8 /* ContactTableViewCell.h */,
				D0187FD31E7EEA20003C42AF /* ContactTableViewCell.m */,
				9675F6811E5C9107006AF776 /* MessageCellTableViewCell.h */,
				D0187FD41E7EEA20003C42AF /* MessageCellTableViewCell.m */,
			);
			name = "Table View Cells";
			sourceTree = "<group>";
		};
		D0D09C5C1E8013BE001E1F30 /* Database */ = {
			isa = PBXGroup;
			children = (
				96E2AAB21E5C3DDD0079E975 /* Contact.h */,
				96E2AAB31E5C3DDD0079E975 /* Contact.m */,
				107960AF1C61321D003DB6CC /* Constants.h */,
				107960B01C61321D003DB6CC /* Constants.m */,
				96F6107A1E60427B007ED0E1 /* DatabaseSingelton.h */,
				96F610781E604265007ED0E1 /* DatabaseSingelton.m */,
			);
			name = Database;
			sourceTree = "<group>";
		};
		DA5615CDA2CA4AA29359B517 /* Frameworks */ = {
			isa = PBXGroup;
			children = (
				3AC41C60E0E8F2E76911399C /* libPods-FriendlyChatObjC.a */,
			);
			name = Frameworks;
			sourceTree = "<group>";
		};
/* End PBXGroup section */

/* Begin PBXNativeTarget section */
		1079607F1C6130EF003DB6CC /* FriendlyChatObjC */ = {
			isa = PBXNativeTarget;
			buildConfigurationList = 107960A21C6130EF003DB6CC /* Build configuration list for PBXNativeTarget "FriendlyChatObjC" */;
			buildPhases = (
				62BF603F87EDB9AF22BAF5C4 /* [CP] Check Pods Manifest.lock */,
				1079607C1C6130EF003DB6CC /* Sources */,
				1079607D1C6130EF003DB6CC /* Frameworks */,
				1079607E1C6130EF003DB6CC /* Resources */,
				E9327C38CBA9357379159EA6 /* [CP] Embed Pods Frameworks */,
				033E932D52E3DD50DA1B83E8 /* [CP] Copy Pods Resources */,
			);
			buildRules = (
			);
			dependencies = (
			);
			name = FriendlyChatObjC;
			productName = FriendlyChatObjC;
			productReference = 107960801C6130EF003DB6CC /* FriendlyChatObjC.app */;
			productType = "com.apple.product-type.application";
		};
/* End PBXNativeTarget section */

/* Begin PBXProject section */
		107960781C6130EF003DB6CC /* Project object */ = {
			isa = PBXProject;
			attributes = {
				LastUpgradeCheck = 0810;
				ORGANIZATIONNAME = "Ibrahim Ulukaya";
				TargetAttributes = {
					1079607F1C6130EF003DB6CC = {
						CreatedOnToolsVersion = 7.2;
					};
				};
			};
			buildConfigurationList = 1079607B1C6130EF003DB6CC /* Build configuration list for PBXProject "FriendlyChatObjC" */;
			compatibilityVersion = "Xcode 3.2";
			developmentRegion = English;
			hasScannedForEncodings = 0;
			knownRegions = (
				en,
				Base,
			);
			mainGroup = 107960771C6130EF003DB6CC;
			productRefGroup = 107960811C6130EF003DB6CC /* Products */;
			projectDirPath = "";
			projectRoot = "";
			targets = (
				1079607F1C6130EF003DB6CC /* FriendlyChatObjC */,
			);
		};
/* End PBXProject section */

/* Begin PBXResourcesBuildPhase section */
		1079607E1C6130EF003DB6CC /* Resources */ = {
			isa = PBXResourcesBuildPhase;
			buildActionMask = 2147483647;
			files = (
				10AF4CD41DD238C00096D192 /* LaunchScreen.xib in Resources */,
				96FB59AB1E5ED82100489AD0 /* white_final.png in Resources */,
				10AF4CD21DD238C00096D192 /* Bladefile in Resources */,
				96E22D9A1E5F326A000CA3D6 /* wallpaper6.jpg in Resources */,
				10AF4CD31DD238C00096D192 /* Images.xcassets in Resources */,
				96E22D921E5EE7C1000CA3D6 /* shiny.png in Resources */,
				96F6107E1E605849007ED0E1 /* add_picture.png in Resources */,
				96FE99F91E7BF4CD008F9C80 /* group-button.png in Resources */,
				107960A91C6131B6003DB6CC /* Test.storyboard in Resources */,
				10AF4CD11DD238C00096D192 /* logo1024.png in Resources */,
				96E2AAAE1E5C363E0079E975 /* GoogleService-Info.plist in Resources */,
				96FE99FA1E7BF4CD008F9C80 /* member-button.png in Resources */,
				96AD21F91E5D852400762FC8 /* black_bubble.png in Resources */,
			);
			runOnlyForDeploymentPostprocessing = 0;
		};
/* End PBXResourcesBuildPhase section */

/* Begin PBXShellScriptBuildPhase section */
		033E932D52E3DD50DA1B83E8 /* [CP] Copy Pods Resources */ = {
			isa = PBXShellScriptBuildPhase;
			buildActionMask = 2147483647;
			files = (
			);
			inputPaths = (
			);
			name = "[CP] Copy Pods Resources";
			outputPaths = (
			);
			runOnlyForDeploymentPostprocessing = 0;
			shellPath = /bin/sh;
			shellScript = "\"${SRCROOT}/Pods/Target Support Files/Pods-FriendlyChatObjC/Pods-FriendlyChatObjC-resources.sh\"\n";
			showEnvVarsInLog = 0;
		};
		62BF603F87EDB9AF22BAF5C4 /* [CP] Check Pods Manifest.lock */ = {
			isa = PBXShellScriptBuildPhase;
			buildActionMask = 2147483647;
			files = (
			);
			inputPaths = (
			);
			name = "[CP] Check Pods Manifest.lock";
			outputPaths = (
			);
			runOnlyForDeploymentPostprocessing = 0;
			shellPath = /bin/sh;
			shellScript = "diff \"${PODS_ROOT}/../Podfile.lock\" \"${PODS_ROOT}/Manifest.lock\" > /dev/null\nif [ $? != 0 ] ; then\n    # print error to STDERR\n    echo \"error: The sandbox is not in sync with the Podfile.lock. Run 'pod install' or update your CocoaPods installation.\" >&2\n    exit 1\nfi\n";
			showEnvVarsInLog = 0;
		};
		E9327C38CBA9357379159EA6 /* [CP] Embed Pods Frameworks */ = {
			isa = PBXShellScriptBuildPhase;
			buildActionMask = 2147483647;
			files = (
			);
			inputPaths = (
			);
			name = "[CP] Embed Pods Frameworks";
			outputPaths = (
			);
			runOnlyForDeploymentPostprocessing = 0;
			shellPath = /bin/sh;
			shellScript = "\"${SRCROOT}/Pods/Target Support Files/Pods-FriendlyChatObjC/Pods-FriendlyChatObjC-frameworks.sh\"\n";
			showEnvVarsInLog = 0;
		};
/* End PBXShellScriptBuildPhase section */

/* Begin PBXSourcesBuildPhase section */
		1079607C1C6130EF003DB6CC /* Sources */ = {
			isa = PBXSourcesBuildPhase;
			buildActionMask = 2147483647;
			files = (
				96E2AAB41E5C3DDD0079E975 /* Contact.m in Sources */,
				96FE99FD1E7C12D0008F9C80 /* LoadViewController.m in Sources */,
				107960B11C61321D003DB6CC /* Constants.m in Sources */,
				96E2AAB11E5C3C210079E975 /* ContactsTableViewController.m in Sources */,
				1079608B1C6130EF003DB6CC /* ChatViewController.m in Sources */,
				96F610791E604265007ED0E1 /* DatabaseSingelton.m in Sources */,
				107960881C6130EF003DB6CC /* AppDelegate.m in Sources */,
				D0187FD91E7FD98A003C42AF /* AvatarImageView.m in Sources */,
				96FE99EE1E7BD6F7008F9C80 /* ContactTableView.m in Sources */,
				D0187FD51E7EEA20003C42AF /* ContactTableViewCell.m in Sources */,
				107960B61C613263003DB6CC /* SignInViewController.m in Sources */,
				96F610771E6036EB007ED0E1 /* CreateGroupTableViewController.m in Sources */,
				107960851C6130EF003DB6CC /* main.m in Sources */,
				D0187FD61E7EEA20003C42AF /* MessageCellTableViewCell.m in Sources */,
			);
			runOnlyForDeploymentPostprocessing = 0;
		};
/* End PBXSourcesBuildPhase section */

/* Begin XCBuildConfiguration section */
		107960A01C6130EF003DB6CC /* Debug */ = {
			isa = XCBuildConfiguration;
			buildSettings = {
				ALWAYS_SEARCH_USER_PATHS = NO;
				CLANG_CXX_LANGUAGE_STANDARD = "gnu++0x";
				CLANG_CXX_LIBRARY = "libc++";
				CLANG_ENABLE_MODULES = YES;
				CLANG_ENABLE_OBJC_ARC = YES;
				CLANG_WARN_BOOL_CONVERSION = YES;
				CLANG_WARN_CONSTANT_CONVERSION = YES;
				CLANG_WARN_DIRECT_OBJC_ISA_USAGE = YES_ERROR;
				CLANG_WARN_EMPTY_BODY = YES;
				CLANG_WARN_ENUM_CONVERSION = YES;
				CLANG_WARN_INFINITE_RECURSION = YES;
				CLANG_WARN_INT_CONVERSION = YES;
				CLANG_WARN_OBJC_ROOT_CLASS = YES_ERROR;
				CLANG_WARN_SUSPICIOUS_MOVE = YES;
				CLANG_WARN_UNREACHABLE_CODE = YES;
				CLANG_WARN__DUPLICATE_METHOD_MATCH = YES;
				"CODE_SIGN_IDENTITY[sdk=iphoneos*]" = "iPhone Developer";
				COPY_PHASE_STRIP = NO;
				DEBUG_INFORMATION_FORMAT = dwarf;
				ENABLE_STRICT_OBJC_MSGSEND = YES;
				ENABLE_TESTABILITY = YES;
				GCC_C_LANGUAGE_STANDARD = gnu99;
				GCC_DYNAMIC_NO_PIC = NO;
				GCC_NO_COMMON_BLOCKS = YES;
				GCC_OPTIMIZATION_LEVEL = 0;
				GCC_PREPROCESSOR_DEFINITIONS = (
					"DEBUG=1",
					"$(inherited)",
				);
				GCC_WARN_64_TO_32_BIT_CONVERSION = YES;
				GCC_WARN_ABOUT_RETURN_TYPE = YES_ERROR;
				GCC_WARN_UNDECLARED_SELECTOR = YES;
				GCC_WARN_UNINITIALIZED_AUTOS = YES_AGGRESSIVE;
				GCC_WARN_UNUSED_FUNCTION = YES;
				GCC_WARN_UNUSED_VARIABLE = YES;
				IPHONEOS_DEPLOYMENT_TARGET = 8.0;
				MTL_ENABLE_DEBUG_INFO = YES;
				ONLY_ACTIVE_ARCH = YES;
				SDKROOT = iphoneos;
				TARGETED_DEVICE_FAMILY = "1,2";
			};
			name = Debug;
		};
		107960A11C6130EF003DB6CC /* Release */ = {
			isa = XCBuildConfiguration;
			buildSettings = {
				ALWAYS_SEARCH_USER_PATHS = NO;
				CLANG_CXX_LANGUAGE_STANDARD = "gnu++0x";
				CLANG_CXX_LIBRARY = "libc++";
				CLANG_ENABLE_MODULES = YES;
				CLANG_ENABLE_OBJC_ARC = YES;
				CLANG_WARN_BOOL_CONVERSION = YES;
				CLANG_WARN_CONSTANT_CONVERSION = YES;
				CLANG_WARN_DIRECT_OBJC_ISA_USAGE = YES_ERROR;
				CLANG_WARN_EMPTY_BODY = YES;
				CLANG_WARN_ENUM_CONVERSION = YES;
				CLANG_WARN_INFINITE_RECURSION = YES;
				CLANG_WARN_INT_CONVERSION = YES;
				CLANG_WARN_OBJC_ROOT_CLASS = YES_ERROR;
				CLANG_WARN_SUSPICIOUS_MOVE = YES;
				CLANG_WARN_UNREACHABLE_CODE = YES;
				CLANG_WARN__DUPLICATE_METHOD_MATCH = YES;
				"CODE_SIGN_IDENTITY[sdk=iphoneos*]" = "iPhone Developer";
				COPY_PHASE_STRIP = NO;
				DEBUG_INFORMATION_FORMAT = "dwarf-with-dsym";
				ENABLE_NS_ASSERTIONS = NO;
				ENABLE_STRICT_OBJC_MSGSEND = YES;
				GCC_C_LANGUAGE_STANDARD = gnu99;
				GCC_NO_COMMON_BLOCKS = YES;
				GCC_WARN_64_TO_32_BIT_CONVERSION = YES;
				GCC_WARN_ABOUT_RETURN_TYPE = YES_ERROR;
				GCC_WARN_UNDECLARED_SELECTOR = YES;
				GCC_WARN_UNINITIALIZED_AUTOS = YES_AGGRESSIVE;
				GCC_WARN_UNUSED_FUNCTION = YES;
				GCC_WARN_UNUSED_VARIABLE = YES;
				IPHONEOS_DEPLOYMENT_TARGET = 8.0;
				MTL_ENABLE_DEBUG_INFO = NO;
				SDKROOT = iphoneos;
				TARGETED_DEVICE_FAMILY = "1,2";
				VALIDATE_PRODUCT = YES;
			};
			name = Release;
		};
		107960A31C6130EF003DB6CC /* Debug */ = {
			isa = XCBuildConfiguration;
			baseConfigurationReference = 9ED8D1017B9927C5A7CCA356 /* Pods-FriendlyChatObjC.debug.xcconfig */;
			buildSettings = {
				ASSETCATALOG_COMPILER_APPICON_NAME = AppIcon;
				ASSETCATALOG_COMPILER_LAUNCHIMAGE_NAME = LaunchImage;
				CLANG_ENABLE_OBJC_ARC = YES;
				CLANG_ENABLE_OBJC_WEAK = NO;
				CLANG_WARN_OBJC_REPEATED_USE_OF_WEAK = NO;
				INFOPLIST_FILE = FriendlyChatObjC/Info.plist;
				IPHONEOS_DEPLOYMENT_TARGET = 10.1;
				LD_RUNPATH_SEARCH_PATHS = "$(inherited) @executable_path/Frameworks";
				PRODUCT_BUNDLE_IDENTIFIER = com.google.firebase.codelab.FriendlyChatObjC;
				PRODUCT_NAME = "$(TARGET_NAME)";
				TARGETED_DEVICE_FAMILY = 1;
			};
			name = Debug;
		};
		107960A41C6130EF003DB6CC /* Release */ = {
			isa = XCBuildConfiguration;
			baseConfigurationReference = 1F87D3FB8E0CFE0F623FC29E /* Pods-FriendlyChatObjC.release.xcconfig */;
			buildSettings = {
				ASSETCATALOG_COMPILER_APPICON_NAME = AppIcon;
				ASSETCATALOG_COMPILER_LAUNCHIMAGE_NAME = LaunchImage;
				CLANG_ENABLE_OBJC_ARC = YES;
				CLANG_ENABLE_OBJC_WEAK = NO;
				CLANG_WARN_OBJC_REPEATED_USE_OF_WEAK = NO;
				INFOPLIST_FILE = FriendlyChatObjC/Info.plist;
				IPHONEOS_DEPLOYMENT_TARGET = 10.1;
				LD_RUNPATH_SEARCH_PATHS = "$(inherited) @executable_path/Frameworks";
				PRODUCT_BUNDLE_IDENTIFIER = com.google.firebase.codelab.FriendlyChatObjC;
				PRODUCT_NAME = "$(TARGET_NAME)";
				TARGETED_DEVICE_FAMILY = 1;
			};
			name = Release;
		};
/* End XCBuildConfiguration section */

/* Begin XCConfigurationList section */
		1079607B1C6130EF003DB6CC /* Build configuration list for PBXProject "FriendlyChatObjC" */ = {
			isa = XCConfigurationList;
			buildConfigurations = (
				107960A01C6130EF003DB6CC /* Debug */,
				107960A11C6130EF003DB6CC /* Release */,
			);
			defaultConfigurationIsVisible = 0;
			defaultConfigurationName = Release;
		};
		107960A21C6130EF003DB6CC /* Build configuration list for PBXNativeTarget "FriendlyChatObjC" */ = {
			isa = XCConfigurationList;
			buildConfigurations = (
				107960A31C6130EF003DB6CC /* Debug */,
				107960A41C6130EF003DB6CC /* Release */,
			);
			defaultConfigurationIsVisible = 0;
			defaultConfigurationName = Release;
		};
/* End XCConfigurationList section */
	};
	rootObject = 107960781C6130EF003DB6CC /* Project object */;
}
